
Microsoft Visual Studio Solution File, Format Version 12.00
# Visual Studio Version 17
VisualStudioVersion = 17.4.33205.214
MinimumVisualStudioVersion = 10.0.40219.1
Project("{FAE04EC0-301F-11D3-BF4B-00C04F79EFBC}") = "Financeiro", "Financeiro\Financeiro.csproj", "{ADC17300-4023-43A2-95D1-E39EB141E42D}"
EndProject
Global
	GlobalSection(SolutionConfigurationPlatforms) = preSolution
		Debug|Any CPU = Debug|Any CPU
		Release|Any CPU = Release|Any CPU
	EndGlobalSection
	GlobalSection(ProjectConfigurationPlatforms) = postSolution
		{ADC17300-4023-43A2-95D1-E39EB141E42D}.Debug|Any CPU.ActiveCfg = Debug|Any CPU
		{ADC17300-4023-43A2-95D1-E39EB141E42D}.Debug|Any CPU.Build.0 = Debug|Any CPU
		{ADC17300-4023-43A2-95D1-E39EB141E42D}.Release|Any CPU.ActiveCfg = Release|Any CPU
		{ADC17300-4023-43A2-95D1-E39EB141E42D}.Release|Any CPU.Build.0 = Release|Any CPU
	EndGlobalSection
	GlobalSection(SolutionProperties) = preSolution
		HideSolutionNode = FALSE
	EndGlobalSection
	GlobalSection(ExtensibilityGlobals) = postSolution
		SolutionGuid = {5E6DDCB4-ADAF-4F52-9ED5-31F29184F493}
	EndGlobalSection
EndGlobal
